
Microsoft Visual Studio Solution File, Format Version 12.00
# Visual Studio Version 17
VisualStudioVersion = 17.8.34511.84
MinimumVisualStudioVersion = 10.0.40219.1
Project("{6EC3EE1D-3C4E-46DD-8F32-0CC8E7565705}") = "1.InputOutput", "1.InputOutput\1.InputOutput.fsproj", "{235F57C8-AF92-45A3-8987-6996BBC6E101}"
EndProject
Project("{6EC3EE1D-3C4E-46DD-8F32-0CC8E7565705}") = "2.BindingMutable", "2.BindingMutable\2.BindingMutable.fsproj", "{ECB91D41-A7B8-497B-B66A-7C769936C7AC}"
EndProject
Project("{6EC3EE1D-3C4E-46DD-8F32-0CC8E7565705}") = "3.Functions", "3.Functions\3.Functions.fsproj", "{2723EA23-A055-48BA-A6DA-0BCF8DFC6A19}"
EndProject
Project("{F2A71F9B-5D33-465A-A702-920D77279786}") = "4.Strings", "4.Strings\4.Strings.fsproj", "{CC3D7450-618F-4D13-AE44-D04A3FAD3DCA}"
EndProject
Global
	GlobalSection(SolutionConfigurationPlatforms) = preSolution
		Debug|Any CPU = Debug|Any CPU
		Release|Any CPU = Release|Any CPU
	EndGlobalSection
	GlobalSection(ProjectConfigurationPlatforms) = postSolution
		{235F57C8-AF92-45A3-8987-6996BBC6E101}.Debug|Any CPU.ActiveCfg = Debug|Any CPU
		{235F57C8-AF92-45A3-8987-6996BBC6E101}.Debug|Any CPU.Build.0 = Debug|Any CPU
		{235F57C8-AF92-45A3-8987-6996BBC6E101}.Release|Any CPU.ActiveCfg = Release|Any CPU
		{235F57C8-AF92-45A3-8987-6996BBC6E101}.Release|Any CPU.Build.0 = Release|Any CPU
		{ECB91D41-A7B8-497B-B66A-7C769936C7AC}.Debug|Any CPU.ActiveCfg = Debug|Any CPU
		{ECB91D41-A7B8-497B-B66A-7C769936C7AC}.Debug|Any CPU.Build.0 = Debug|Any CPU
		{ECB91D41-A7B8-497B-B66A-7C769936C7AC}.Release|Any CPU.ActiveCfg = Release|Any CPU
		{ECB91D41-A7B8-497B-B66A-7C769936C7AC}.Release|Any CPU.Build.0 = Release|Any CPU
		{2723EA23-A055-48BA-A6DA-0BCF8DFC6A19}.Debug|Any CPU.ActiveCfg = Debug|Any CPU
		{2723EA23-A055-48BA-A6DA-0BCF8DFC6A19}.Debug|Any CPU.Build.0 = Debug|Any CPU
		{2723EA23-A055-48BA-A6DA-0BCF8DFC6A19}.Release|Any CPU.ActiveCfg = Release|Any CPU
		{2723EA23-A055-48BA-A6DA-0BCF8DFC6A19}.Release|Any CPU.Build.0 = Release|Any CPU
		{CC3D7450-618F-4D13-AE44-D04A3FAD3DCA}.Debug|Any CPU.ActiveCfg = Debug|Any CPU
		{CC3D7450-618F-4D13-AE44-D04A3FAD3DCA}.Debug|Any CPU.Build.0 = Debug|Any CPU
		{CC3D7450-618F-4D13-AE44-D04A3FAD3DCA}.Release|Any CPU.ActiveCfg = Release|Any CPU
		{CC3D7450-618F-4D13-AE44-D04A3FAD3DCA}.Release|Any CPU.Build.0 = Release|Any CPU
	EndGlobalSection
	GlobalSection(SolutionProperties) = preSolution
		HideSolutionNode = FALSE
	EndGlobalSection
	GlobalSection(ExtensibilityGlobals) = postSolution
		SolutionGuid = {CA7A288C-BA18-4D24-97DB-10F79CF3D093}
	EndGlobalSection
EndGlobal
